lockfileVersion: '9.0'

settings:
  autoInstallPeers: true
  excludeLinksFromLockfile: false

importers:

  .:
    dependencies:
      next:
        specifier: ^15.2.0
        version: 15.5.12(react-dom@19.2.4(react@19.2.4))(react@19.2.4)
      next-intl:
        specifier: ^4.8.3
        version: 4.8.3(next@15.5.12(react-dom@19.2.4(react@19.2.4))(react@19.2.4))(react@19.2.4)(typescript@5.9.3)
      react:
        specifier: ^19.0.0
        version: 19.2.4
      react-dom:
        specifier: ^19.0.0
        version: 19.2.4(react@19.2.4)
    devDependencies:
      '@types/node':
        specifier: ^22.13.4
        version: 22.19.13
      '@types/react':
        specifier: ^19.0.10
        version: 19.2.14
      '@types/react-dom':
        specifier: ^19.0.4
        version: 19.2.3(@types/react@19.2.14)
      typescript:
        specifier: ^5.7.3
        version: 5.9.3

packages:

  '@emnapi/runtime@1.8.1':
    resolution: {integrity: sha512-mehfKSMWjjNol8659Z8KxEMrdSJDDot5SXMq00dM8BN4o+CLNXQ0xH2V7EchNHV4RmbZLmmPdEaXZc5H2FXmDg==}

  '@formatjs/ecma402-abstract@3.1.1':
    resolution: {integrity: sha512-jhZbTwda+2tcNrs4kKvxrPLPjx8QsBCLCUgrrJ/S+G9YrGHWLhAyFMMBHJBnBoOwuLHd7L14FgYudviKaxkO2Q==}

  '@formatjs/fast-memoize@3.1.0':
    resolution: {integrity: sha512-b5mvSWCI+XVKiz5WhnBCY3RJ4ZwfjAidU0yVlKa3d3MSgKmH1hC3tBGEAtYyN5mqL7N0G5x0BOUYyO8CEupWgg==}

  '@formatjs/icu-messageformat-parser@3.5.1':
    resolution: {integrity: sha512-sSDmSvmmoVQ92XqWb499KrIhv/vLisJU8ITFrx7T7NZHUmMY7EL9xgRowAosaljhqnj/5iufG24QrdzB6X3ItA==}

  '@formatjs/icu-skeleton-parser@2.1.1':
    resolution: {integrity: sha512-PSFABlcNefjI6yyk8f7nyX1DC7NHmq6WaCHZLySEXBrXuLOB2f935YsnzuPjlz+ibhb9yWTdPeVX1OVcj24w2Q==}

  '@formatjs/intl-localematcher@0.8.1':
    resolution: {integrity: sha512-xwEuwQFdtSq1UKtQnyTZWC+eHdv7Uygoa+H2k/9uzBVQjDyp9r20LNDNKedWXll7FssT3GRHvqsdJGYSUWqYFA==}

  '@img/colour@1.1.0':
    resolution: {integrity: sha512-Td76q7j57o/tLVdgS746cYARfSyxk8iEfRxewL9h4OMzYhbW4TAcppl0mT4eyqXddh6L/jwoM75mo7ixa/pCeQ==}
    engines: {node: '>=18'}

  '@img/sharp-darwin-arm64@0.34.5':
    resolution: {integrity: sha512-imtQ3WMJXbMY4fxb/Ndp6HBTNVtWCUI0WdobyheGf5+ad6xX8VIDO8u2xE4qc/fr08CKG/7dDseFtn6M6g/r3w==}
    engines: {node: ^18.17.0 || ^20.3.0 || >=21.0.0}
    cpu: [arm64]
    os: [darwin]

  '@img/sharp-darwin-x64@0.34.5':
    resolution: {integrity: sha512-YNEFAF/4KQ/PeW0N+r+aVVsoIY0/qxxikF2SWdp+NRkmMB7y9LBZAVqQ4yhGCm/H3H270OSykqmQMKLBhBJDEw==}
    engines: {node: ^18.17.0 || ^20.3.0 || >=21.0.0}
    cpu: [x64]
    os: [darwin]

  '@img/sharp-libvips-darwin-arm64@1.2.4':
    resolution: {integrity: sha512-zqjjo7RatFfFoP0MkQ51jfuFZBnVE2pRiaydKJ1G/rHZvnsrHAOcQALIi9sA5co5xenQdTugCvtb1cuf78Vf4g==}
    cpu: [arm64]
    os: [darwin]

  '@img/sharp-libvips-darwin-x64@1.2.4':
    resolution: {integrity: sha512-1IOd5xfVhlGwX+zXv2N93k0yMONvUlANylbJw1eTah8K/Jtpi15KC+WSiaX/nBmbm2HxRM1gZ0nSdjSsrZbGKg==}
    cpu: [x64]
    os: [darwin]

  '@img/sharp-libvips-linux-arm64@1.2.4':
    resolution: {integrity: sha512-excjX8DfsIcJ10x1Kzr4RcWe1edC9PquDRRPx3YVCvQv+U5p7Yin2s32ftzikXojb1PIFc/9Mt28/y+iRklkrw==}
    cpu: [arm64]
    os: [linux]

  '@img/sharp-libvips-linux-arm@1.2.4':
    resolution: {integrity: sha512-bFI7xcKFELdiNCVov8e44Ia4u2byA+l3XtsAj+Q8tfCwO6BQ8iDojYdvoPMqsKDkuoOo+X6HZA0s0q11ANMQ8A==}
    cpu: [arm]
    os: [linux]

  '@img/sharp-libvips-linux-ppc64@1.2.4':
    resolution: {integrity: sha512-FMuvGijLDYG6lW+b/UvyilUWu5Ayu+3r2d1S8notiGCIyYU/76eig1UfMmkZ7vwgOrzKzlQbFSuQfgm7GYUPpA==}
    cpu: [ppc64]
    os: [linux]

  '@img/sharp-libvips-linux-riscv64@1.2.4':
    resolution: {integrity: sha512-oVDbcR4zUC0ce82teubSm+x6ETixtKZBh/qbREIOcI3cULzDyb18Sr/Wcyx7NRQeQzOiHTNbZFF1UwPS2scyGA==}
    cpu: [riscv64]
    os: [linux]

  '@img/sharp-libvips-linux-s390x@1.2.4':
    resolution: {integrity: sha512-qmp9VrzgPgMoGZyPvrQHqk02uyjA0/QrTO26Tqk6l4ZV0MPWIW6LTkqOIov+J1yEu7MbFQaDpwdwJKhbJvuRxQ==}
    cpu: [s390x]
    os: [linux]

  '@img/sharp-libvips-linux-x64@1.2.4':
    resolution: {integrity: sha512-tJxiiLsmHc9Ax1bz3oaOYBURTXGIRDODBqhveVHonrHJ9/+k89qbLl0bcJns+e4t4rvaNBxaEZsFtSfAdquPrw==}
    cpu: [x64]
    os: [linux]

  '@img/sharp-libvips-linuxmusl-arm64@1.2.4':
    resolution: {integrity: sha512-FVQHuwx1IIuNow9QAbYUzJ+En8KcVm9Lk5+uGUQJHaZmMECZmOlix9HnH7n1TRkXMS0pGxIJokIVB9SuqZGGXw==}
    cpu: [arm64]
    os: [linux]

  '@img/sharp-libvips-linuxmusl-x64@1.2.4':
    resolution: {integrity: sha512-+LpyBk7L44ZIXwz/VYfglaX/okxezESc6UxDSoyo2Ks6Jxc4Y7sGjpgU9s4PMgqgjj1gZCylTieNamqA1MF7Dg==}
    cpu: [x64]
    os: [linux]

  '@img/sharp-linux-arm64@0.34.5':
    resolution: {integrity: sha512-bKQzaJRY/bkPOXyKx5EVup7qkaojECG6NLYswgktOZjaXecSAeCWiZwwiFf3/Y+O1HrauiE3FVsGxFg8c24rZg==}
    engines: {node: ^18.17.0 || ^20.3.0 || >=21.0.0}
    cpu: [arm64]
    os: [linux]

  '@img/sharp-linux-arm@0.34.5':
    resolution: {integrity: sha512-9dLqsvwtg1uuXBGZKsxem9595+ujv0sJ6Vi8wcTANSFpwV/GONat5eCkzQo/1O6zRIkh0m/8+5BjrRr7jDUSZw==}
    engines: {node: ^18.17.0 || ^20.3.0 || >=21.0.0}
    cpu: [arm]
    os: [linux]

  '@img/sharp-linux-ppc64@0.34.5':
    resolution: {integrity: sha512-7zznwNaqW6YtsfrGGDA6BRkISKAAE1Jo0QdpNYXNMHu2+0dTrPflTLNkpc8l7MUP5M16ZJcUvysVWWrMefZquA==}
    engines: {node: ^18.17.0 || ^20.3.0 || >=21.0.0}
    cpu: [ppc64]
    os: [linux]

  '@img/sharp-linux-riscv64@0.34.5':
    resolution: {integrity: sha512-51gJuLPTKa7piYPaVs8GmByo7/U7/7TZOq+cnXJIHZKavIRHAP77e3N2HEl3dgiqdD/w0yUfiJnII77PuDDFdw==}
    engines: {node: ^18.17.0 || ^20.3.0 || >=21.0.0}
    cpu: [riscv64]
    os: [linux]

  '@img/sharp-linux-s390x@0.34.5':
    resolution: {integrity: sha512-nQtCk0PdKfho3eC5MrbQoigJ2gd1CgddUMkabUj+rBevs8tZ2cULOx46E7oyX+04WGfABgIwmMC0VqieTiR4jg==}
    engines: {node: ^18.17.0 || ^20.3.0 || >=21.0.0}
    cpu: [s390x]
    os: [linux]

  '@img/sharp-linux-x64@0.34.5':
    resolution: {integrity: sha512-MEzd8HPKxVxVenwAa+JRPwEC7QFjoPWuS5NZnBt6B3pu7EG2Ge0id1oLHZpPJdn3OQK+BQDiw9zStiHBTJQQQQ==}
    engines: {node: ^18.17.0 || ^20.3.0 || >=21.0.0}
    cpu: [x64]
    os: [linux]

  '@img/sharp-linuxmusl-arm64@0.34.5':
    resolution: {integrity: sha512-fprJR6GtRsMt6Kyfq44IsChVZeGN97gTD331weR1ex1c1rypDEABN6Tm2xa1wE6lYb5DdEnk03NZPqA7Id21yg==}
    engines: {node: ^18.17.0 || ^20.3.0 || >=21.0.0}
    cpu: [arm64]
    os: [linux]

  '@img/sharp-linuxmusl-x64@0.34.5':
    resolution: {integrity: sha512-Jg8wNT1MUzIvhBFxViqrEhWDGzqymo3sV7z7ZsaWbZNDLXRJZoRGrjulp60YYtV4wfY8VIKcWidjojlLcWrd8Q==}
    engines: {node: ^18.17.0 || ^20.3.0 || >=21.0.0}
    cpu: [x64]
    os: [linux]

  '@img/sharp-wasm32@0.34.5':
    resolution: {integrity: sha512-OdWTEiVkY2PHwqkbBI8frFxQQFekHaSSkUIJkwzclWZe64O1X4UlUjqqqLaPbUpMOQk6FBu/HtlGXNblIs0huw==}
    engines: {node: ^18.17.0 || ^20.3.0 || >=21.0.0}
    cpu: [wasm32]

  '@img/sharp-win32-arm64@0.34.5':
    resolution: {integrity: sha512-WQ3AgWCWYSb2yt+IG8mnC6Jdk9Whs7O0gxphblsLvdhSpSTtmu69ZG1Gkb6NuvxsNACwiPV6cNSZNzt0KPsw7g==}
    engines: {node: ^18.17.0 || ^20.3.0 || >=21.0.0}
    cpu: [arm64]
    os: [win32]

  '@img/sharp-win32-ia32@0.34.5':
    resolution: {integrity: sha512-FV9m/7NmeCmSHDD5j4+4pNI8Cp3aW+JvLoXcTUo0IqyjSfAZJ8dIUmijx1qaJsIiU+Hosw6xM5KijAWRJCSgNg==}
    engines: {node: ^18.17.0 || ^20.3.0 || >=21.0.0}
    cpu: [ia32]
    os: [win32]

  '@img/sharp-win32-x64@0.34.5':
    resolution: {integrity: sha512-+29YMsqY2/9eFEiW93eqWnuLcWcufowXewwSNIT6UwZdUUCrM3oFjMWH/Z6/TMmb4hlFenmfAVbpWeup2jryCw==}
    engines: {node: ^18.17.0 || ^20.3.0 || >=21.0.0}
    cpu: [x64]
    os: [win32]

  '@next/env@15.5.12':
    resolution: {integrity: sha512-pUvdJN1on574wQHjaBfNGDt9Mz5utDSZFsIIQkMzPgNS8ZvT4H2mwOrOIClwsQOb6EGx5M76/CZr6G8i6pSpLg==}

  '@next/swc-darwin-arm64@15.5.12':
    resolution: {integrity: sha512-RnRjBtH8S8eXCpUNkQ+543DUc7ys8y15VxmFU9HRqlo9BG3CcBUiwNtF8SNoi2xvGCVJq1vl2yYq+3oISBS0Zg==}
    engines: {node: '>= 10'}
    cpu: [arm64]
    os: [darwin]

  '@next/swc-darwin-x64@15.5.12':
    resolution: {integrity: sha512-nqa9/7iQlboF1EFtNhWxQA0rQstmYRSBGxSM6g3GxvxHxcoeqVXfGNr9stJOme674m2V7r4E3+jEhhGvSQhJRA==}
    engines: {node: '>= 10'}
    cpu: [x64]
    os: [darwin]

  '@next/swc-linux-arm64-gnu@15.5.12':
    resolution: {integrity: sha512-dCzAjqhDHwmoB2M4eYfVKqXs99QdQxNQVpftvP1eGVppamXh/OkDAwV737Zr0KPXEqRUMN4uCjh6mjO+XtF3Mw==}
    engines: {node: '>= 10'}
    cpu: [arm64]
    os: [linux]

  '@next/swc-linux-arm64-musl@15.5.12':
    resolution: {integrity: sha512-+fpGWvQiITgf7PUtbWY1H7qUSnBZsPPLyyq03QuAKpVoTy/QUx1JptEDTQMVvQhvizCEuNLEeghrQUyXQOekuw==}
    engines: {node: '>= 10'}
    cpu: [arm64]
    os: [linux]

  '@next/swc-linux-x64-gnu@15.5.12':
    resolution: {integrity: sha512-jSLvgdRRL/hrFAPqEjJf1fFguC719kmcptjNVDJl26BnJIpjL3KH5h6mzR4mAweociLQaqvt4UyzfbFjgAdDcw==}
    engines: {node: '>= 10'}
    cpu: [x64]
    os: [linux]

  '@next/swc-linux-x64-musl@15.5.12':
    resolution: {integrity: sha512-/uaF0WfmYqQgLfPmN6BvULwxY0dufI2mlN2JbOKqqceZh1G4hjREyi7pg03zjfyS6eqNemHAZPSoP84x17vo6w==}
    engines: {node: '>= 10'}
    cpu: [x64]
    os: [linux]

  '@next/swc-win32-arm64-msvc@15.5.12':
    resolution: {integrity: sha512-xhsL1OvQSfGmlL5RbOmU+FV120urrgFpYLq+6U8C6KIym32gZT6XF/SDE92jKzzlPWskkbjOKCpqk5m4i8PEfg==}
    engines: {node: '>= 10'}
    cpu: [arm64]
    os: [win32]

  '@next/swc-win32-x64-msvc@15.5.12':
    resolution: {integrity: sha512-Z1Dh6lhFkxvBDH1FoW6OU/L6prYwPSlwjLiZkExIAh8fbP6iI/M7iGTQAJPYJ9YFlWobCZ1PHbchFhFYb2ADkw==}
    engines: {node: '>= 10'}
    cpu: [x64]
    os: [win32]

  '@parcel/watcher-android-arm64@2.5.6':
    resolution: {integrity: sha512-YQxSS34tPF/6ZG7r/Ih9xy+kP/WwediEUsqmtf0cuCV5TPPKw/PQHRhueUo6JdeFJaqV3pyjm0GdYjZotbRt/A==}
    engines: {node: '>= 10.0.0'}
    cpu: [arm64]
    os: [android]

  '@parcel/watcher-darwin-arm64@2.5.6':
    resolution: {integrity: sha512-Z2ZdrnwyXvvvdtRHLmM4knydIdU9adO3D4n/0cVipF3rRiwP+3/sfzpAwA/qKFL6i1ModaabkU7IbpeMBgiVEA==}
    engines: {node: '>= 10.0.0'}
    cpu: [arm64]
    os: [darwin]

  '@parcel/watcher-darwin-x64@2.5.6':
    resolution: {integrity: sha512-HgvOf3W9dhithcwOWX9uDZyn1lW9R+7tPZ4sug+NGrGIo4Rk1hAXLEbcH1TQSqxts0NYXXlOWqVpvS1SFS4fRg==}
    engines: {node: '>= 10.0.0'}
    cpu: [x64]
    os: [darwin]

  '@parcel/watcher-freebsd-x64@2.5.6':
    resolution: {integrity: sha512-vJVi8yd/qzJxEKHkeemh7w3YAn6RJCtYlE4HPMoVnCpIXEzSrxErBW5SJBgKLbXU3WdIpkjBTeUNtyBVn8TRng==}
    engines: {node: '>= 10.0.0'}
    cpu: [x64]
    os: [freebsd]

  '@parcel/watcher-linux-arm-glibc@2.5.6':
    resolution: {integrity: sha512-9JiYfB6h6BgV50CCfasfLf/uvOcJskMSwcdH1PHH9rvS1IrNy8zad6IUVPVUfmXr+u+Km9IxcfMLzgdOudz9EQ==}
    engines: {node: '>= 10.0.0'}
    cpu: [arm]
    os: [linux]

  '@parcel/watcher-linux-arm-musl@2.5.6':
    resolution: {integrity: sha512-Ve3gUCG57nuUUSyjBq/MAM0CzArtuIOxsBdQ+ftz6ho8n7s1i9E1Nmk/xmP323r2YL0SONs1EuwqBp2u1k5fxg==}
    engines: {node: '>= 10.0.0'}
    cpu: [arm]
    os: [linux]

  '@parcel/watcher-linux-arm64-glibc@2.5.6':
    resolution: {integrity: sha512-f2g/DT3NhGPdBmMWYoxixqYr3v/UXcmLOYy16Bx0TM20Tchduwr4EaCbmxh1321TABqPGDpS8D/ggOTaljijOA==}
    engines: {node: '>= 10.0.0'}
    cpu: [arm64]
    os: [linux]

  '@parcel/watcher-linux-arm64-musl@2.5.6':
    resolution: {integrity: sha512-qb6naMDGlbCwdhLj6hgoVKJl2odL34z2sqkC7Z6kzir8b5W65WYDpLB6R06KabvZdgoHI/zxke4b3zR0wAbDTA==}
    engines: {node: '>= 10.0.0'}
    cpu: [arm64]
    os: [linux]

  '@parcel/watcher-linux-x64-glibc@2.5.6':
    resolution: {integrity: sha512-kbT5wvNQlx7NaGjzPFu8nVIW1rWqV780O7ZtkjuWaPUgpv2NMFpjYERVi0UYj1msZNyCzGlaCWEtzc+exjMGbQ==}
    engines: {node: '>= 10.0.0'}
    cpu: [x64]
    os: [linux]

  '@parcel/watcher-linux-x64-musl@2.5.6':
    resolution: {integrity: sha512-1JRFeC+h7RdXwldHzTsmdtYR/Ku8SylLgTU/reMuqdVD7CtLwf0VR1FqeprZ0eHQkO0vqsbvFLXUmYm/uNKJBg==}
    engines: {node: '>= 10.0.0'}
    cpu: [x64]
    os: [linux]

  '@parcel/watcher-win32-arm64@2.5.6':
    resolution: {integrity: sha512-3ukyebjc6eGlw9yRt678DxVF7rjXatWiHvTXqphZLvo7aC5NdEgFufVwjFfY51ijYEWpXbqF5jtrK275z52D4Q==}
    engines: {node: '>= 10.0.0'}
    cpu: [arm64]
    os: [win32]

  '@parcel/watcher-win32-ia32@2.5.6':
    resolution: {integrity: sha512-k35yLp1ZMwwee3Ez/pxBi5cf4AoBKYXj00CZ80jUz5h8prpiaQsiRPKQMxoLstNuqe2vR4RNPEAEcjEFzhEz/g==}
    engines: {node: '>= 10.0.0'}
    cpu: [ia32]
    os: [win32]

  '@parcel/watcher-win32-x64@2.5.6':
    resolution: {integrity: sha512-hbQlYcCq5dlAX9Qx+kFb0FHue6vbjlf0FrNzSKdYK2APUf7tGfGxQCk2ihEREmbR6ZMc0MVAD5RIX/41gpUzTw==}
    engines: {node: '>= 10.0.0'}
    cpu: [x64]
    os: [win32]

  '@parcel/watcher@2.5.6':
    resolution: {integrity: sha512-tmmZ3lQxAe/k/+rNnXQRawJ4NjxO2hqiOLTHvWchtGZULp4RyFeh6aU4XdOYBFe2KE1oShQTv4AblOs2iOrNnQ==}
    engines: {node: '>= 10.0.0'}

  '@schummar/icu-type-parser@1.21.5':
    resolution: {integrity: sha512-bXHSaW5jRTmke9Vd0h5P7BtWZG9Znqb8gSDxZnxaGSJnGwPLDPfS+3g0BKzeWqzgZPsIVZkM7m2tbo18cm5HBw==}

  '@swc/core-darwin-arm64@1.15.18':
    resolution: {integrity: sha512-+mIv7uBuSaywN3C9LNuWaX1jJJ3SKfiJuE6Lr3bd+/1Iv8oMU7oLBjYMluX1UrEPzwN2qCdY6Io0yVicABoCwQ==}
    engines: {node: '>=10'}
    cpu: [arm64]
    os: [darwin]

  '@swc/core-darwin-x64@1.15.18':
    resolution: {integrity: sha512-wZle0eaQhnzxWX5V/2kEOI6Z9vl/lTFEC6V4EWcn+5pDjhemCpQv9e/TDJ0GIoiClX8EDWRvuZwh+Z3dhL1NAg==}
    engines: {node: '>=10'}
    cpu: [x64]
    os: [darwin]

  '@swc/core-linux-arm-gnueabihf@1.15.18':
    resolution: {integrity: sha512-ao61HGXVqrJFHAcPtF4/DegmwEkVCo4HApnotLU8ognfmU8x589z7+tcf3hU+qBiU1WOXV5fQX6W9Nzs6hjxDw==}
    engines: {node: '>=10'}
    cpu: [arm]
    os: [linux]

  '@swc/core-linux-arm64-gnu@1.15.18':
    resolution: {integrity: sha512-3xnctOBLIq3kj8PxOCgPrGjBLP/kNOddr6f5gukYt/1IZxsITQaU9TDyjeX6jG+FiCIHjCuWuffsyQDL5Ew1bg==}
    engines: {node: '>=10'}
    cpu: [arm64]
    os: [linux]

  '@swc/core-linux-arm64-musl@1.15.18':
    resolution: {integrity: sha512-0a+Lix+FSSHBSBOA0XznCcHo5/1nA6oLLjcnocvzXeqtdjnPb+SvchItHI+lfeiuj1sClYPDvPMLSLyXFaiIKw==}
    engines: {node: '>=10'}
    cpu: [arm64]
    os: [linux]

  '@swc/core-linux-x64-gnu@1.15.18':
    resolution: {integrity: sha512-wG9J8vReUlpaHz4KOD/5UE1AUgirimU4UFT9oZmupUDEofxJKYb1mTA/DrMj0s78bkBiNI+7Fo2EgPuvOJfuAA==}
    engines: {node: '>=10'}
    cpu: [x64]
    os: [linux]

  '@swc/core-linux-x64-musl@1.15.18':
    resolution: {integrity: sha512-4nwbVvCphKzicwNWRmvD5iBaZj8JYsRGa4xOxJmOyHlMDpsvvJ2OR2cODlvWyGFH6BYL1MfIAK3qph3hp0Az6g==}
    engines: {node: '>=10'}
    cpu: [x64]
    os: [linux]

  '@swc/core-win32-arm64-msvc@1.15.18':
    resolution: {integrity: sha512-zk0RYO+LjiBCat2RTMHzAWaMky0cra9loH4oRrLKLLNuL+jarxKLFDA8xTZWEkCPLjUTwlRN7d28eDLLMgtUcQ==}
    engines: {node: '>=10'}
    cpu: [arm64]
    os: [win32]

  '@swc/core-win32-ia32-msvc@1.15.18':
    resolution: {integrity: sha512-yVuTrZ0RccD5+PEkpcLOBAuPbYBXS6rslENvIXfvJGXSdX5QGi1ehC4BjAMl5FkKLiam4kJECUI0l7Hq7T1vwg==}
    engines: {node: '>=10'}
    cpu: [ia32]
    os: [win32]

  '@swc/core-win32-x64-msvc@1.15.18':
    resolution: {integrity: sha512-7NRmE4hmUQNCbYU3Hn9Tz57mK9Qq4c97ZS+YlamlK6qG9Fb5g/BB3gPDe0iLlJkns/sYv2VWSkm8c3NmbEGjbg==}
    engines: {node: '>=10'}
    cpu: [x64]
    os: [win32]

  '@swc/core@1.15.18':
    resolution: {integrity: sha512-z87aF9GphWp//fnkRsqvtY+inMVPgYW3zSlXH1kJFvRT5H/wiAn+G32qW5l3oEk63KSF1x3Ov0BfHCObAmT8RA==}
    engines: {node: '>=10'}
    peerDependencies:
      '@swc/helpers': '>=0.5.17'
    peerDependenciesMeta:
      '@swc/helpers':
        optional: true

  '@swc/counter@0.1.3':
    resolution: {integrity: sha512-e2BR4lsJkkRlKZ/qCHPw9ZaSxc0MVUd7gtbtaB7aMvHeJVYe8sOB8DBZkP2DtISHGSku9sCK6T6cnY0CtXrOCQ==}

  '@swc/helpers@0.5.15':
    resolution: {integrity: sha512-JQ5TuMi45Owi4/BIMAJBoSQoOJu12oOk/gADqlcUL9JEdHB8vyjUSsxqeNXnmXHjYKMi2WcYtezGEEhqUI/E2g==}

  '@swc/types@0.1.25':
    resolution: {integrity: sha512-iAoY/qRhNH8a/hBvm3zKj9qQ4oc2+3w1unPJa2XvTK3XjeLXtzcCingVPw/9e5mn1+0yPqxcBGp9Jf0pkfMb1g==}

  '@types/node@22.19.13':
    resolution: {integrity: sha512-akNQMv0wW5uyRpD2v2IEyRSZiR+BeGuoB6L310EgGObO44HSMNT8z1xzio28V8qOrgYaopIDNA18YgdXd+qTiw==}

  '@types/react-dom@19.2.3':
    resolution: {integrity: sha512-jp2L/eY6fn+KgVVQAOqYItbF0VY/YApe5Mz2F0aykSO8gx31bYCZyvSeYxCHKvzHG5eZjc+zyaS5BrBWya2+kQ==}
    peerDependencies:
      '@types/react': ^19.2.0

  '@types/react@19.2.14':
    resolution: {integrity: sha512-ilcTH/UniCkMdtexkoCN0bI7pMcJDvmQFPvuPvmEaYA/NSfFTAgdUSLAoVjaRJm7+6PvcM+q1zYOwS4wTYMF9w==}

  caniuse-lite@1.0.30001776:
    resolution: {integrity: sha512-sg01JDPzZ9jGshqKSckOQthXnYwOEP50jeVFhaSFbZcOy05TiuuaffDOfcwtCisJ9kNQuLBFibYywv2Bgm9osw==}

  client-only@0.0.1:
    resolution: {integrity: sha512-IV3Ou0jSMzZrd3pZ48nLkT9DA7Ag1pnPzaiQhpW7c3RbcqqzvzzVu+L8gfqMp/8IM2MQtSiqaCxrrcfu8I8rMA==}

  csstype@3.2.3:
    resolution: {integrity: sha512-z1HGKcYy2xA8AGQfwrn0PAy+PB7X/GSj3UVJW9qKyn43xWa+gl5nXmU4qqLMRzWVLFC8KusUX8T/0kCiOYpAIQ==}

  decimal.js@10.6.0:
    resolution: {integrity: sha512-YpgQiITW3JXGntzdUmyUR1V812Hn8T1YVXhCu+wO3OpS4eU9l4YdD3qjyiKdV6mvV29zapkMeD390UVEf2lkUg==}

  detect-libc@2.1.2:
    resolution: {integrity: sha512-Btj2BOOO83o3WyH59e8MgXsxEQVcarkUOpEYrubB0urwnN10yQ364rsiByU11nZlqWYZm05i/of7io4mzihBtQ==}
    engines: {node: '>=8'}

  icu-minify@4.8.3:
    resolution: {integrity: sha512-65Av7FLosNk7bPbmQx5z5XG2Y3T2GFppcjiXh4z1idHeVgQxlDpAmkGoYI0eFzAvrOnjpWTL5FmPDhsdfRMPEA==}

  intl-messageformat@11.1.2:
    resolution: {integrity: sha512-ucSrQmZGAxfiBHfBRXW/k7UC8MaGFlEj4Ry1tKiDcmgwQm1y3EDl40u+4VNHYomxJQMJi9NEI3riDRlth96jKg==}

  is-extglob@2.1.1:
    resolution: {integrity: sha512-SbKbANkN603Vi4jEZv49LeVJMn4yGwsbzZworEoyEiutsN3nJYdbO36zfhGJ6QEDpOZIFkDtnq5JRxmvl3jsoQ==}
    engines: {node: '>=0.10.0'}

  is-glob@4.0.3:
    resolution: {integrity: sha512-xelSayHH36ZgE7ZWhli7pW34hNbNl8Ojv5KVmkJD4hBdD3th8Tfk9vYasLM+mXWOZhFkgZfxhLSnrwRr4elSSg==}
    engines: {node: '>=0.10.0'}

  nanoid@3.3.11:
    resolution: {integrity: sha512-N8SpfPUnUp1bK+PMYW8qSWdl9U+wwNWI4QKxOYDy9JAro3WMX7p2OeVRF9v+347pnakNevPmiHhNmZ2HbFA76w==}
    engines: {node: ^10 || ^12 || ^13.7 || ^14 || >=15.0.1}
    hasBin: true

  negotiator@1.0.0:
    resolution: {integrity: sha512-8Ofs/AUQh8MaEcrlq5xOX0CQ9ypTF5dl78mjlMNfOK08fzpgTHQRQPBxcPlEtIw0yRpws+Zo/3r+5WRby7u3Gg==}
    engines: {node: '>= 0.6'}

  next-intl-swc-plugin-extractor@4.8.3:
    resolution: {integrity: sha512-YcaT+R9z69XkGhpDarVFWUprrCMbxgIQYPUaXoE6LGVnLjGdo8hu3gL6bramDVjNKViYY8a/pXPy7Bna0mXORg==}

  next-intl@4.8.3:
    resolution: {integrity: sha512-PvdBDWg+Leh7BR7GJUQbCDVVaBRn37GwDBWc9sv0rVQOJDQ5JU1rVzx9EEGuOGYo0DHAl70++9LQ7HxTawdL7w==}
    peerDependencies:
      next: ^12.0.0 || ^13.0.0 || ^14.0.0 || ^15.0.0 || ^16.0.0
      react: ^16.8.0 || ^17.0.0 || ^18.0.0 || >=19.0.0-rc <19.0.0 || ^19.0.0
      typescript: ^5.0.0
    peerDependenciesMeta:
      typescript:
        optional: true

  next@15.5.12:
    resolution: {integrity: sha512-Fi/wQ4Etlrn60rz78bebG1i1SR20QxvV8tVp6iJspjLUSHcZoeUXCt+vmWoEcza85ElZzExK/jJ/F6SvtGktjA==}
    engines: {node: ^18.18.0 || ^19.8.0 || >= 20.0.0}
    hasBin: true
    peerDependencies:
      '@opentelemetry/api': ^1.1.0
      '@playwright/test': ^1.51.1
      babel-plugin-react-compiler: '*'
      react: ^18.2.0 || 19.0.0-rc-de68d2f4-20241204 || ^19.0.0
      react-dom: ^18.2.0 || 19.0.0-rc-de68d2f4-20241204 || ^19.0.0
      sass: ^1.3.0
    peerDependenciesMeta:
      '@opentelemetry/api':
        optional: true
      '@playwright/test':
        optional: true
      babel-plugin-react-compiler:
        optional: true
      sass:
        optional: true

  node-addon-api@7.1.1:
    resolution: {integrity: sha512-5m3bsyrjFWE1xf7nz7YXdN4udnVtXK6/Yfgn5qnahL6bCkf2yKt4k3nuTKAtT4r3IG8JNR2ncsIMdZuAzJjHQQ==}

  picocolors@1.1.1:
    resolution: {integrity: sha512-xceH2snhtb5M9liqDsmEw56le376mTZkEX/jEb/RxNFyegNul7eNslCXP9FDj/Lcu0X8KEyMceP2ntpaHrDEVA==}

  picomatch@4.0.3:
    resolution: {integrity: sha512-5gTmgEY/sqK6gFXLIsQNH19lWb4ebPDLA4SdLP7dsWkIXHWlG66oPuVvXSGFPppYZz8ZDZq0dYYrbHfBCVUb1Q==}
    engines: {node: '>=12'}

  po-parser@2.1.1:
    resolution: {integrity: sha512-ECF4zHLbUItpUgE3OTtLKlPjeBN+fKEczj2zYjDfCGOzicNs0GK3Vg2IoAYwx7LH/XYw43fZQP6xnZ4TkNxSLQ==}

  postcss@8.4.31:
    resolution: {integrity: sha512-PS08Iboia9mts/2ygV3eLpY5ghnUcfLV/EXTOW1E2qYxJKGGBUtNjN76FYHnMs36RmARn41bC0AZmn+rR0OVpQ==}
    engines: {node: ^10 || ^12 || >=14}

  react-dom@19.2.4:
    resolution: {integrity: sha512-AXJdLo8kgMbimY95O2aKQqsz2iWi9jMgKJhRBAxECE4IFxfcazB2LmzloIoibJI3C12IlY20+KFaLv+71bUJeQ==}
    peerDependencies:
      react: ^19.2.4

  react@19.2.4:
    resolution: {integrity: sha512-9nfp2hYpCwOjAN+8TZFGhtWEwgvWHXqESH8qT89AT/lWklpLON22Lc8pEtnpsZz7VmawabSU0gCjnj8aC0euHQ==}
    engines: {node: '>=0.10.0'}

  scheduler@0.27.0:
    resolution: {integrity: sha512-eNv+WrVbKu1f3vbYJT/xtiF5syA5HPIMtf9IgY/nKg0sWqzAUEvqY/xm7OcZc/qafLx/iO9FgOmeSAp4v5ti/Q==}

  semver@7.7.4:
    resolution: {integrity: sha512-vFKC2IEtQnVhpT78h1Yp8wzwrf8CM+MzKMHGJZfBtzhZNycRFnXsHk6E5TxIkkMsgNS7mdX3AGB7x2QM2di4lA==}
    engines: {node: '>=10'}
    hasBin: true

  sharp@0.34.5:
    resolution: {integrity: sha512-Ou9I5Ft9WNcCbXrU9cMgPBcCK8LiwLqcbywW3t4oDV37n1pzpuNLsYiAV8eODnjbtQlSDwZ2cUEeQz4E54Hltg==}
    engines: {node: ^18.17.0 || ^20.3.0 || >=21.0.0}

  source-map-js@1.2.1:
    resolution: {integrity: sha512-UXWMKhLOwVKb728IUtQPXxfYU+usdybtUrK/8uGE8CQMvrhOpwvzDBwj0QhSL7MQc7vIsISBG8VQ8+IDQxpfQA==}
    engines: {node: '>=0.10.0'}

  styled-jsx@5.1.6:
    resolution: {integrity: sha512-qSVyDTeMotdvQYoHWLNGwRFJHC+i+ZvdBRYosOFgC+Wg1vx4frN2/RG/NA7SYqqvKNLf39P2LSRA2pu6n0XYZA==}
    engines: {node: '>= 12.0.0'}
    peerDependencies:
      '@babel/core': '*'
      babel-plugin-macros: '*'
      react: '>= 16.8.0 || 17.x.x || ^18.0.0-0 || ^19.0.0-0'
    peerDependenciesMeta:
      '@babel/core':
        optional: true
      babel-plugin-macros:
        optional: true

  tslib@2.8.1:
    resolution: {integrity: sha512-oJFu94HQb+KVduSUQL7wnpmqnfmLsOA/nAh6b6EH0wCEoK0/mPeXU6c3wKDV83MkOuHPRHtSXKKU99IBazS/2w==}

  typescript@5.9.3:
    resolution: {integrity: sha512-jl1vZzPDinLr9eUt3J/t7V6FgNEw9QjvBPdysz9KfQDD41fQrC2Y4vKQdiaUpFT4bXlb1RHhLpp8wtm6M5TgSw==}
    engines: {node: '>=14.17'}
    hasBin: true

  undici-types@6.21.0:
    resolution: {integrity: sha512-iwDZqg0QAGrg9Rav5H4n0M64c3mkR59cJ6wQp+7C4nI0gsmExaedaYLNO44eT4AtBBwjbTiGPMlt2Md0T9H9JQ==}

  use-intl@4.8.3:
    resolution: {integrity: sha512-nLxlC/RH+le6g3amA508Itnn/00mE+J22ui21QhOWo5V9hCEC43+WtnRAITbJW0ztVZphev5X9gvOf2/Dk9PLA==}
    peerDependencies:
      react: ^17.0.0 || ^18.0.0 || >=19.0.0-rc <19.0.0 || ^19.0.0

snapshots:

  '@emnapi/runtime@1.8.1':
    dependencies:
      tslib: 2.8.1
    optional: true

  '@formatjs/ecma402-abstract@3.1.1':
    dependencies:
      '@formatjs/fast-memoize': 3.1.0
      '@formatjs/intl-localematcher': 0.8.1
      decimal.js: 10.6.0
      tslib: 2.8.1

  '@formatjs/fast-memoize@3.1.0':
    dependencies:
      tslib: 2.8.1

  '@formatjs/icu-messageformat-parser@3.5.1':
    dependencies:
      '@formatjs/ecma402-abstract': 3.1.1
      '@formatjs/icu-skeleton-parser': 2.1.1
      tslib: 2.8.1

  '@formatjs/icu-skeleton-parser@2.1.1':
    dependencies:
      '@formatjs/ecma402-abstract': 3.1.1
      tslib: 2.8.1

  '@formatjs/intl-localematcher@0.8.1':
    dependencies:
      '@formatjs/fast-memoize': 3.1.0
      tslib: 2.8.1

  '@img/colour@1.1.0':
    optional: true

  '@img/sharp-darwin-arm64@0.34.5':
    optionalDependencies:
      '@img/sharp-libvips-darwin-arm64': 1.2.4
    optional: true

  '@img/sharp-darwin-x64@0.34.5':
    optionalDependencies:
      '@img/sharp-libvips-darwin-x64': 1.2.4
    optional: true

  '@img/sharp-libvips-darwin-arm64@1.2.4':
    optional: true

  '@img/sharp-libvips-darwin-x64@1.2.4':
    optional: true

  '@img/sharp-libvips-linux-arm64@1.2.4':
    optional: true

  '@img/sharp-libvips-linux-arm@1.2.4':
    optional: true

  '@img/sharp-libvips-linux-ppc64@1.2.4':
    optional: true

  '@img/sharp-libvips-linux-riscv64@1.2.4':
    optional: true

  '@img/sharp-libvips-linux-s390x@1.2.4':
    optional: true

  '@img/sharp-libvips-linux-x64@1.2.4':
    optional: true

  '@img/sharp-libvips-linuxmusl-arm64@1.2.4':
    optional: true

  '@img/sharp-libvips-linuxmusl-x64@1.2.4':
    optional: true

  '@img/sharp-linux-arm64@0.34.5':
    optionalDependencies:
      '@img/sharp-libvips-linux-arm64': 1.2.4
    optional: true

  '@img/sharp-linux-arm@0.34.5':
    optionalDependencies:
      '@img/sharp-libvips-linux-arm': 1.2.4
    optional: true

  '@img/sharp-linux-ppc64@0.34.5':
    optionalDependencies:
      '@img/sharp-libvips-linux-ppc64': 1.2.4
    optional: true

  '@img/sharp-linux-riscv64@0.34.5':
    optionalDependencies:
      '@img/sharp-libvips-linux-riscv64': 1.2.4
    optional: true

  '@img/sharp-linux-s390x@0.34.5':
    optionalDependencies:
      '@img/sharp-libvips-linux-s390x': 1.2.4
    optional: true

  '@img/sharp-linux-x64@0.34.5':
    optionalDependencies:
      '@img/sharp-libvips-linux-x64': 1.2.4
    optional: true

  '@img/sharp-linuxmusl-arm64@0.34.5':
    optionalDependencies:
      '@img/sharp-libvips-linuxmusl-arm64': 1.2.4
    optional: true

  '@img/sharp-linuxmusl-x64@0.34.5':
    optionalDependencies:
      '@img/sharp-libvips-linuxmusl-x64': 1.2.4
    optional: true

  '@img/sharp-wasm32@0.34.5':
    dependencies:
      '@emnapi/runtime': 1.8.1
    optional: true

  '@img/sharp-win32-arm64@0.34.5':
    optional: true

  '@img/sharp-win32-ia32@0.34.5':
    optional: true

  '@img/sharp-win32-x64@0.34.5':
    optional: true

  '@next/env@15.5.12': {}

  '@next/swc-darwin-arm64@15.5.12':
    optional: true

  '@next/swc-darwin-x64@15.5.12':
    optional: true

  '@next/swc-linux-arm64-gnu@15.5.12':
    optional: true

  '@next/swc-linux-arm64-musl@15.5.12':
    optional: true

  '@next/swc-linux-x64-gnu@15.5.12':
    optional: true

  '@next/swc-linux-x64-musl@15.5.12':
    optional: true

  '@next/swc-win32-arm64-msvc@15.5.12':
    optional: true

  '@next/swc-win32-x64-msvc@15.5.12':
    optional: true

  '@parcel/watcher-android-arm64@2.5.6':
    optional: true

  '@parcel/watcher-darwin-arm64@2.5.6':
    optional: true

  '@parcel/watcher-darwin-x64@2.5.6':
    optional: true

  '@parcel/watcher-freebsd-x64@2.5.6':
    optional: true

  '@parcel/watcher-linux-arm-glibc@2.5.6':
    optional: true

  '@parcel/watcher-linux-arm-musl@2.5.6':
    optional: true

  '@parcel/watcher-linux-arm64-glibc@2.5.6':
    optional: true

  '@parcel/watcher-linux-arm64-musl@2.5.6':
    optional: true

  '@parcel/watcher-linux-x64-glibc@2.5.6':
    optional: true

  '@parcel/watcher-linux-x64-musl@2.5.6':
    optional: true

  '@parcel/watcher-win32-arm64@2.5.6':
    optional: true

  '@parcel/watcher-win32-ia32@2.5.6':
    optional: true

  '@parcel/watcher-win32-x64@2.5.6':
    optional: true

  '@parcel/watcher@2.5.6':
    dependencies:
      detect-libc: 2.1.2
      is-glob: 4.0.3
      node-addon-api: 7.1.1
      picomatch: 4.0.3
    optionalDependencies:
      '@parcel/watcher-android-arm64': 2.5.6
      '@parcel/watcher-darwin-arm64': 2.5.6
      '@parcel/watcher-darwin-x64': 2.5.6
      '@parcel/watcher-freebsd-x64': 2.5.6
      '@parcel/watcher-linux-arm-glibc': 2.5.6
      '@parcel/watcher-linux-arm-musl': 2.5.6
      '@parcel/watcher-linux-arm64-glibc': 2.5.6
      '@parcel/watcher-linux-arm64-musl': 2.5.6
      '@parcel/watcher-linux-x64-glibc': 2.5.6
      '@parcel/watcher-linux-x64-musl': 2.5.6
      '@parcel/watcher-win32-arm64': 2.5.6
      '@parcel/watcher-win32-ia32': 2.5.6
      '@parcel/watcher-win32-x64': 2.5.6

  '@schummar/icu-type-parser@1.21.5': {}

  '@swc/core-darwin-arm64@1.15.18':
    optional: true

  '@swc/core-darwin-x64@1.15.18':
    optional: true

  '@swc/core-linux-arm-gnueabihf@1.15.18':
    optional: true

  '@swc/core-linux-arm64-gnu@1.15.18':
    optional: true

  '@swc/core-linux-arm64-musl@1.15.18':
    optional: true

  '@swc/core-linux-x64-gnu@1.15.18':
    optional: true

  '@swc/core-linux-x64-musl@1.15.18':
    optional: true

  '@swc/core-win32-arm64-msvc@1.15.18':
    optional: true

  '@swc/core-win32-ia32-msvc@1.15.18':
    optional: true

  '@swc/core-win32-x64-msvc@1.15.18':
    optional: true

  '@swc/core@1.15.18':
    dependencies:
      '@swc/counter': 0.1.3
      '@swc/types': 0.1.25
    optionalDependencies:
      '@swc/core-darwin-arm64': 1.15.18
      '@swc/core-darwin-x64': 1.15.18
      '@swc/core-linux-arm-gnueabihf': 1.15.18
      '@swc/core-linux-arm64-gnu': 1.15.18
      '@swc/core-linux-arm64-musl': 1.15.18
      '@swc/core-linux-x64-gnu': 1.15.18
      '@swc/core-linux-x64-musl': 1.15.18
      '@swc/core-win32-arm64-msvc': 1.15.18
      '@swc/core-win32-ia32-msvc': 1.15.18
      '@swc/core-win32-x64-msvc': 1.15.18

  '@swc/counter@0.1.3': {}

  '@swc/helpers@0.5.15':
    dependencies:
      tslib: 2.8.1

  '@swc/types@0.1.25':
    dependencies:
      '@swc/counter': 0.1.3

  '@types/node@22.19.13':
    dependencies:
      undici-types: 6.21.0

  '@types/react-dom@19.2.3(@types/react@19.2.14)':
    dependencies:
      '@types/react': 19.2.14

  '@types/react@19.2.14':
    dependencies:
      csstype: 3.2.3

  caniuse-lite@1.0.30001776: {}

  client-only@0.0.1: {}

  csstype@3.2.3: {}

  decimal.js@10.6.0: {}

  detect-libc@2.1.2: {}

  icu-minify@4.8.3:
    dependencies:
      '@formatjs/icu-messageformat-parser': 3.5.1

  intl-messageformat@11.1.2:
    dependencies:
      '@formatjs/ecma402-abstract': 3.1.1
      '@formatjs/fast-memoize': 3.1.0
      '@formatjs/icu-messageformat-parser': 3.5.1
      tslib: 2.8.1

  is-extglob@2.1.1: {}

  is-glob@4.0.3:
    dependencies:
      is-extglob: 2.1.1

  nanoid@3.3.11: {}

  negotiator@1.0.0: {}

  next-intl-swc-plugin-extractor@4.8.3: {}

  next-intl@4.8.3(next@15.5.12(react-dom@19.2.4(react@19.2.4))(react@19.2.4))(react@19.2.4)(typescript@5.9.3):
    dependencies:
      '@formatjs/intl-localematcher': 0.8.1
      '@parcel/watcher': 2.5.6
      '@swc/core': 1.15.18
      icu-minify: 4.8.3
      negotiator: 1.0.0
      next: 15.5.12(react-dom@19.2.4(react@19.2.4))(react@19.2.4)
      next-intl-swc-plugin-extractor: 4.8.3
      po-parser: 2.1.1
      react: 19.2.4
      use-intl: 4.8.3(react@19.2.4)
    optionalDependencies:
      typescript: 5.9.3
    transitivePeerDependencies:
      - '@swc/helpers'

  next@15.5.12(react-dom@19.2.4(react@19.2.4))(react@19.2.4):
    dependencies:
      '@next/env': 15.5.12
      '@swc/helpers': 0.5.15
      caniuse-lite: 1.0.30001776
      postcss: 8.4.31
      react: 19.2.4
      react-dom: 19.2.4(react@19.2.4)
      styled-jsx: 5.1.6(react@19.2.4)
    optionalDependencies:
      '@next/swc-darwin-arm64': 15.5.12
      '@next/swc-darwin-x64': 15.5.12
      '@next/swc-linux-arm64-gnu': 15.5.12
      '@next/swc-linux-arm64-musl': 15.5.12
      '@next/swc-linux-x64-gnu': 15.5.12
      '@next/swc-linux-x64-musl': 15.5.12
      '@next/swc-win32-arm64-msvc': 15.5.12
      '@next/swc-win32-x64-msvc': 15.5.12
      sharp: 0.34.5
    transitivePeerDependencies:
      - '@babel/core'
      - babel-plugin-macros

  node-addon-api@7.1.1: {}

  picocolors@1.1.1: {}

  picomatch@4.0.3: {}

  po-parser@2.1.1: {}

  postcss@8.4.31:
    dependencies:
      nanoid: 3.3.11
      picocolors: 1.1.1
      source-map-js: 1.2.1

  react-dom@19.2.4(react@19.2.4):
    dependencies:
      react: 19.2.4
      scheduler: 0.27.0

  react@19.2.4: {}

  scheduler@0.27.0: {}

  semver@7.7.4:
    optional: true

  sharp@0.34.5:
    dependencies:
      '@img/colour': 1.1.0
      detect-libc: 2.1.2
      semver: 7.7.4
    optionalDependencies:
      '@img/sharp-darwin-arm64': 0.34.5
      '@img/sharp-darwin-x64': 0.34.5
      '@img/sharp-libvips-darwin-arm64': 1.2.4
      '@img/sharp-libvips-darwin-x64': 1.2.4
      '@img/sharp-libvips-linux-arm': 1.2.4
      '@img/sharp-libvips-linux-arm64': 1.2.4
      '@img/sharp-libvips-linux-ppc64': 1.2.4
      '@img/sharp-libvips-linux-riscv64': 1.2.4
      '@img/sharp-libvips-linux-s390x': 1.2.4
      '@img/sharp-libvips-linux-x64': 1.2.4
      '@img/sharp-libvips-linuxmusl-arm64': 1.2.4
      '@img/sharp-libvips-linuxmusl-x64': 1.2.4
      '@img/sharp-linux-arm': 0.34.5
      '@img/sharp-linux-arm64': 0.34.5
      '@img/sharp-linux-ppc64': 0.34.5
      '@img/sharp-linux-riscv64': 0.34.5
      '@img/sharp-linux-s390x': 0.34.5
      '@img/sharp-linux-x64': 0.34.5
      '@img/sharp-linuxmusl-arm64': 0.34.5
      '@img/sharp-linuxmusl-x64': 0.34.5
      '@img/sharp-wasm32': 0.34.5
      '@img/sharp-win32-arm64': 0.34.5
      '@img/sharp-win32-ia32': 0.34.5
      '@img/sharp-win32-x64': 0.34.5
    optional: true

  source-map-js@1.2.1: {}

  styled-jsx@5.1.6(react@19.2.4):
    dependencies:
      client-only: 0.0.1
      react: 19.2.4

  tslib@2.8.1: {}

  typescript@5.9.3: {}

  undici-types@6.21.0: {}

  use-intl@4.8.3(react@19.2.4):
    dependencies:
      '@formatjs/fast-memoize': 3.1.0
      '@schummar/icu-type-parser': 1.21.5
      icu-minify: 4.8.3
      intl-messageformat: 11.1.2
      react: 19.2.4
